
Microsoft Visual Studio Solution File, Format Version 12.00
# Visual Studio 2012
Project("{FAE04EC0-301F-11D3-BF4B-00C04F79EFBC}") = "Giparus.Listener", "Giparus.Listener\Giparus.Listener.csproj", "{E49CF328-9F72-49F8-9292-BB2EE25D61D7}"
EndProject
Project("{FAE04EC0-301F-11D3-BF4B-00C04F79EFBC}") = "Giparus.VirtualAvl", "Giparus.VirtualAvl\Giparus.VirtualAvl.csproj", "{FCCC1EBE-E3B9-4B6E-B1E5-47B4F70185BC}"
EndProject
Project("{2150E333-8FDC-42A3-9474-1A3956D46DE8}") = "SampleData", "SampleData", "{BEF8CEC5-C4A0-486A-B3C8-675B3B0EBB1C}"
	ProjectSection(SolutionItems) = preProject
		SampleData\1399292567.avldata = SampleData\1399292567.avldata
		SampleData\321666841.avldata = SampleData\321666841.avldata
		SampleData\400600440.avldata = SampleData\400600440.avldata
	EndProjectSection
EndProject
Project("{FAE04EC0-301F-11D3-BF4B-00C04F79EFBC}") = "Giparus.TeltonikaDriver", "Giparus.TeltonikaDriver\Giparus.TeltonikaDriver.csproj", "{62472F2D-C4C5-4610-88AF-164A082673B8}"
EndProject
Global
	GlobalSection(SolutionConfigurationPlatforms) = preSolution
		Debug|Any CPU = Debug|Any CPU
		Release|Any CPU = Release|Any CPU
	EndGlobalSection
	GlobalSection(ProjectConfigurationPlatforms) = postSolution
		{E49CF328-9F72-49F8-9292-BB2EE25D61D7}.Debug|Any CPU.ActiveCfg = Debug|Any CPU
		{E49CF328-9F72-49F8-9292-BB2EE25D61D7}.Debug|Any CPU.Build.0 = Debug|Any CPU
		{E49CF328-9F72-49F8-9292-BB2EE25D61D7}.Release|Any CPU.ActiveCfg = Release|Any CPU
		{E49CF328-9F72-49F8-9292-BB2EE25D61D7}.Release|Any CPU.Build.0 = Release|Any CPU
		{FCCC1EBE-E3B9-4B6E-B1E5-47B4F70185BC}.Debug|Any CPU.ActiveCfg = Debug|Any CPU
		{FCCC1EBE-E3B9-4B6E-B1E5-47B4F70185BC}.Debug|Any CPU.Build.0 = Debug|Any CPU
		{FCCC1EBE-E3B9-4B6E-B1E5-47B4F70185BC}.Release|Any CPU.ActiveCfg = Release|Any CPU
		{FCCC1EBE-E3B9-4B6E-B1E5-47B4F70185BC}.Release|Any CPU.Build.0 = Release|Any CPU
		{62472F2D-C4C5-4610-88AF-164A082673B8}.Debug|Any CPU.ActiveCfg = Debug|Any CPU
		{62472F2D-C4C5-4610-88AF-164A082673B8}.Debug|Any CPU.Build.0 = Debug|Any CPU
		{62472F2D-C4C5-4610-88AF-164A082673B8}.Release|Any CPU.ActiveCfg = Release|Any CPU
		{62472F2D-C4C5-4610-88AF-164A082673B8}.Release|Any CPU.Build.0 = Release|Any CPU
	EndGlobalSection
	GlobalSection(SolutionProperties) = preSolution
		HideSolutionNode = FALSE
	EndGlobalSection
EndGlobal
